// !$*UTF8*$!
{
	archiveVersion = 1;
	classes = {
	};
	objectVersion = 110;
	objects = {

/* Begin PBXContainerItemProxy section */
		217E17F1306C253E00A438E0 /* PBXContainerItemProxy */ = {
			isa = PBXContainerItemProxy;
			containerPortal = 217E17DB306C253B00A438E0 /* Project object */;
			proxyType = 1;
			remoteGlobalIDString = 217E17E2306C253B00A438E0;
			remoteInfo = HabitTrace;
		};
		217E17FB306C253E00A438E0 /* PBXContainerItemProxy */ = {
			isa = PBXContainerItemProxy;
			containerPortal = 217E17DB306C253B00A438E0 /* Project object */;
			proxyType = 1;
			remoteGlobalIDString = 217E17E2306C253B00A438E0;
			remoteInfo = HabitTrace;
		};
/* End PBXContainerItemProxy section */

/* Begin PBXFileReference section */
		217E17E3306C253B00A438E0 /* HabitTrace.app */ = {isa = PBXFileReference; explicitFileType = wrapper.application; includeInIndex = 0; path = HabitTrace.app; sourceTree = BUILT_PRODUCTS_DIR; };
		217E17F0306C253E00A438E0 /* HabitTraceTests.xctest */ = {isa = PBXFileReference; explicitFileType = wrapper.cfbundle; includeInIndex = 0; path = HabitTraceTests.xctest; sourceTree = BUILT_PRODUCTS_DIR; };
		217E17FA306C253E00A438E0 /* HabitTraceUITests.xctest */ = {isa = PBXFileReference; explicitFileType = wrapper.cfbundle; includeInIndex = 0; path = HabitTraceUITests.xctest; sourceTree = BUILT_PRODUCTS_DIR; };
/* End PBXFileReference section */

/* Begin PBXFileSystemSynchronizedRootGroup section */
		217E17E5306C253B00A438E0 /* HabitTrace */ = {
			isa = PBXFileSystemSynchronizedRootGroup;
			path = HabitTrace;
			sourceTree = "<group>";
		};
		217E17F3306C253E00A438E0 /* HabitTraceTests */ = {
			isa = PBXFileSystemSynchronizedRootGroup;
			path = HabitTraceTests;
			sourceTree = "<group>";
		};
		217E17FD306C253E00A438E0 /* HabitTraceUITests */ = {
			isa = PBXFileSystemSynchronizedRootGroup;
			path = HabitTraceUITests;
			sourceTree = "<group>";
		};
/* End PBXFileSystemSynchronizedRootGroup section */

/* Begin PBXFrameworksBuildPhase section */
		217E17E0306C253B00A438E0 /* Frameworks */ = {
			isa = PBXFrameworksBuildPhase;
			files = (
			);
		};
		217E17ED306C253E00A438E0 /* Frameworks */ = {
			isa = PBXFrameworksBuildPhase;
			files = (
			);
		};
		217E17F7306C253E00A438E0 /* Frameworks */ = {
			isa = PBXFrameworksBuildPhase;
			files = (
			);
		};
/* End PBXFrameworksBuildPhase section */

/* Begin PBXGroup section */
		217E17DA306C253B00A438E0 = {
			isa = PBXGroup;
			children = (
				217E17E5306C253B00A438E0 /* HabitTrace */,
				217E17F3306C253E00A438E0 /* HabitTraceTests */,
				217E17FD306C253E00A438E0 /* HabitTraceUITests */,
				217E17E4306C253B00A438E0 /* Products */,
			);
			sourceTree = "<group>";
		};
		217E17E4306C253B00A438E0 /* Products */ = {
			isa = PBXGroup;
			children = (
				217E17E3306C253B00A438E0 /* HabitTrace.app */,
				217E17F0306C253E00A438E0 /* HabitTraceTests.xctest */,
				217E17FA306C253E00A438E0 /* HabitTraceUITests.xctest */,
			);
			name = Products;
			sourceTree = "<group>";
		};
/* End PBXGroup section */

/* Begin PBXNativeTarget section */
		217E17E2306C253B00A438E0 /* HabitTrace */ = {
			isa = PBXNativeTarget;
			buildConfigurationList = 217E1802306C253E00A438E0 /* Build configuration list for PBXNativeTarget "HabitTrace" */;
			buildPhases = (
				217E17DF306C253B00A438E0 /* Sources */,
				217E17E0306C253B00A438E0 /* Frameworks */,
				217E17E1306C253B00A438E0 /* Resources */,
			);
			buildRules = (
			);
			fileSystemSynchronizedGroups = (
				217E17E5306C253B00A438E0 /* HabitTrace */,
			);
			name = HabitTrace;
			productName = HabitTrace;
			productReference = 217E17E3306C253B00A438E0 /* HabitTrace.app */;
			productType = "com.apple.product-type.application";
		};
		217E17EF306C253E00A438E0 /* HabitTraceTests */ = {
			isa = PBXNativeTarget;
			buildConfigurationList = 217E1805306C253E00A438E0 /* Build configuration list for PBXNativeTarget "HabitTraceTests" */;
			buildPhases = (
				217E17EC306C253E00A438E0 /* Sources */,
				217E17ED306C253E00A438E0 /* Frameworks */,
				217E17EE306C253E00A438E0 /* Resources */,
			);
			buildRules = (
			);
			dependencies = (
				217E17F2306C253E00A438E0 /* PBXTargetDependency */,
			);
			fileSystemSynchronizedGroups = (
				217E17F3306C253E00A438E0 /* HabitTraceTests */,
			);
			name = HabitTraceTests;
			productName = HabitTraceTests;
			productReference = 217E17F0306C253E00A438E0 /* HabitTraceTests.xctest */;
			productType = "com.apple.product-type.bundle.unit-test";
		};
		217E17F9306C253E00A438E0 /* HabitTraceUITests */ = {
			isa = PBXNativeTarget;
			buildConfigurationList = 217E1808306C253E00A438E0 /* Build configuration list for PBXNativeTarget "HabitTraceUITests" */;
			buildPhases = (
				217E17F6306C253E00A438E0 /* Sources */,
				217E17F7306C253E00A438E0 /* Frameworks */,
				217E17F8306C253E00A438E0 /* Resources */,
			);
			buildRules = (
			);
			dependencies = (
				217E17FC306C253E00A438E0 /* PBXTargetDependency */,
			);
			fileSystemSynchronizedGroups = (
				217E17FD306C253E00A438E0 /* HabitTraceUITests */,
			);
			name = HabitTraceUITests;
			productName = HabitTraceUITests;
			productReference = 217E17FA306C253E00A438E0 /* HabitTraceUITests.xctest */;
			productType = "com.apple.product-type.bundle.ui-testing";
		};
/* End PBXNativeTarget section */

/* Begin PBXProject section */
		217E17DB306C253B00A438E0 /* Project object */ = {
			isa = PBXProject;
			attributes = {
				BuildIndependentTargetsInParallel = 1;
				LastSwiftUpdateCheck = 2700;
				LastUpgradeCheck = 2700;
				TargetAttributes = {
					217E17E2306C253B00A438E0 = {
						CreatedOnToolsVersion = 27.0;
					};
					217E17EF306C253E00A438E0 = {
						CreatedOnToolsVersion = 27.0;
						TestTargetID = 217E17E2306C253B00A438E0;
					};
					217E17F9306C253E00A438E0 = {
						CreatedOnToolsVersion = 27.0;
						TestTargetID = 217E17E2306C253B00A438E0;
					};
				};
			};
			buildConfigurationList = 217E17DE306C253B00A438E0 /* Build configuration list for PBXProject "HabitTrace" */;
			developmentRegion = en;
			hasScannedForEncodings = 0;
			knownRegions = (
				en,
				Base,
			);
			mainGroup = 217E17DA306C253B00A438E0;
			minimizedProjectReferenceProxies = 1;
			preferredProjectObjectVersion = 77;
			productRefGroup = 217E17E4306C253B00A438E0 /* Products */;
			projectDirPath = "";
			projectRoot = "";
			targets = (
				217E17E2306C253B00A438E0 /* HabitTrace */,
				217E17EF306C253E00A438E0 /* HabitTraceTests */,
				217E17F9306C253E00A438E0 /* HabitTraceUITests */,
			);
		};
/* End PBXProject section */

/* Begin PBXResourcesBuildPhase section */
		217E17E1306C253B00A438E0 /* Resources */ = {
			isa = PBXResourcesBuildPhase;
			files = (
			);
		};
		217E17EE306C253E00A438E0 /* Resources */ = {
			isa = PBXResourcesBuildPhase;
			files = (
			);
		};
		217E17F8306C253E00A438E0 /* Resources */ = {
			isa = PBXResourcesBuildPhase;
			files = (
			);
		};
/* End PBXResourcesBuildPhase section */

/* Begin PBXSourcesBuildPhase section */
		217E17DF306C253B00A438E0 /* Sources */ = {
			isa = PBXSourcesBuildPhase;
			files = (
			);
		};
		217E17EC306C253E00A438E0 /* Sources */ = {
			isa = PBXSourcesBuildPhase;
			files = (
			);
		};
		217E17F6306C253E00A438E0 /* Sources */ = {
			isa = PBXSourcesBuildPhase;
			files = (
			);
		};
/* End PBXSourcesBuildPhase section */

/* Begin PBXTargetDependency section */
		217E17F2306C253E00A438E0 /* PBXTargetDependency */ = {
			isa = PBXTargetDependency;
			target = 217E17E2306C253B00A438E0 /* HabitTrace */;
			targetProxy = 217E17F1306C253E00A438E0 /* PBXContainerItemProxy */;
		};
		217E17FC306C253E00A438E0 /* PBXTargetDependency */ = {
			isa = PBXTargetDependency;
			target = 217E17E2306C253B00A438E0 /* HabitTrace */;
			targetProxy = 217E17FB306C253E00A438E0 /* PBXContainerItemProxy */;
		};
/* End PBXTargetDependency section */

/* Begin XCBuildConfiguration section */
		217E1800306C253E00A438E0 /* Debug configuration for PBXProject "HabitTrace" */ = {
			isa = XCBuildConfiguration;
			buildSettings = {
				ALWAYS_SEARCH_USER_PATHS = NO;
				ASSETCATALOG_COMPILER_GENERATE_SWIFT_ASSET_SYMBOL_EXTENSIONS = YES;
				CLANG_ANALYZER_NONNULL = YES;
				CLANG_ANALYZER_NUMBER_OBJECT_CONVERSION = YES_AGGRESSIVE;
				CLANG_CXX_LANGUAGE_STANDARD = "gnu++20";
				CLANG_ENABLE_MODULES = YES;
				CLANG_ENABLE_OBJC_ARC = YES;
				CLANG_ENABLE_OBJC_WEAK = YES;
				CLANG_WARN_BLOCK_CAPTURE_AUTORELEASING = YES;
				CLANG_WARN_BOOL_CONVERSION = YES;
				CLANG_WARN_COMMA = YES;
				CLANG_WARN_CONSTANT_CONVERSION = YES;
				CLANG_WARN_DEPRECATED_OBJC_IMPLEMENTATIONS = YES;
				CLANG_WARN_DIRECT_OBJC_ISA_USAGE = YES_ERROR;
				CLANG_WARN_DOCUMENTATION_COMMENTS = YES;
				CLANG_WARN_EMPTY_BODY = YES;
				CLANG_WARN_ENUM_CONVERSION = YES;
				CLANG_WARN_INFINITE_RECURSION = YES;
				CLANG_WARN_INT_CONVERSION = YES;
				CLANG_WARN_NON_LITERAL_NULL_CONVERSION = YES;
				CLANG_WARN_OBJC_IMPLICIT_RETAIN_SELF = YES;
				CLANG_WARN_OBJC_LITERAL_CONVERSION = YES;
				CLANG_WARN_OBJC_ROOT_CLASS = YES_ERROR;
				CLANG_WARN_QUOTED_INCLUDE_IN_FRAMEWORK_HEADER = YES;
				CLANG_WARN_RANGE_LOOP_ANALYSIS = YES;
				CLANG_WARN_STRICT_PROTOTYPES = YES;
				CLANG_WARN_SUSPICIOUS_MOVE = YES;
				CLANG_WARN_UNGUARDED_AVAILABILITY = YES_AGGRESSIVE;
				CLANG_WARN_UNREACHABLE_CODE = YES;
				CLANG_WARN__DUPLICATE_METHOD_MATCH = YES;
				COPY_PHASE_STRIP = NO;
				DEBUG_INFORMATION_FORMAT = dwarf;
				DEVELOPMENT_TEAM = 8HRCKR6829;
				ENABLE_STRICT_OBJC_MSGSEND = YES;
				ENABLE_TESTABILITY = YES;
				ENABLE_USER_SCRIPT_SANDBOXING = YES;
				GCC_C_LANGUAGE_STANDARD = gnu17;
				GCC_DYNAMIC_NO_PIC = NO;
				GCC_NO_COMMON_BLOCKS = YES;
				GCC_OPTIMIZATION_LEVEL = 0;
				GCC_PREPROCESSOR_DEFINITIONS = (
					"DEBUG=1",
					"$(inherited)",
				);
				GCC_WARN_64_TO_32_BIT_CONVERSION = YES;
				GCC_WARN_ABOUT_RETURN_TYPE = YES_ERROR;
				GCC_WARN_UNDECLARED_SELECTOR = YES;
				GCC_WARN_UNINITIALIZED_AUTOS = YES_AGGRESSIVE;
				GCC_WARN_UNUSED_FUNCTION = YES;
				GCC_WARN_UNUSED_VARIABLE = YES;
				IPHONEOS_DEPLOYMENT_TARGET = 27.0;
				LOCALIZATION_PREFERS_STRING_CATALOGS = YES;
				MTL_ENABLE_DEBUG_INFO = INCLUDE_SOURCE;
				MTL_FAST_MATH = YES;
				ONLY_ACTIVE_ARCH = YES;
				SDKROOT = iphoneos;
				SWIFT_ACTIVE_COMPILATION_CONDITIONS = "DEBUG $(inherited)";
				SWIFT_OPTIMIZATION_LEVEL = "-Onone";
			};
			name = Debug;
		};
		217E1801306C253E00A438E0 /* Release configuration for PBXProject "HabitTrace" */ = {
			isa = XCBuildConfiguration;
			buildSettings = {
				ALWAYS_SEARCH_USER_PATHS = NO;
				ASSETCATALOG_COMPILER_GENERATE_SWIFT_ASSET_SYMBOL_EXTENSIONS = YES;
				CLANG_ANALYZER_NONNULL = YES;
				CLANG_ANALYZER_NUMBER_OBJECT_CONVERSION = YES_AGGRESSIVE;
				CLANG_CXX_LANGUAGE_STANDARD = "gnu++20";
				CLANG_ENABLE_MODULES = YES;
				CLANG_ENABLE_OBJC_ARC = YES;
				CLANG_ENABLE_OBJC_WEAK = YES;
				CLANG_WARN_BLOCK_CAPTURE_AUTORELEASING = YES;
				CLANG_WARN_BOOL_CONVERSION = YES;
				CLANG_WARN_COMMA = YES;
				CLANG_WARN_CONSTANT_CONVERSION = YES;
				CLANG_WARN_DEPRECATED_OBJC_IMPLEMENTATIONS = YES;
				CLANG_WARN_DIRECT_OBJC_ISA_USAGE = YES_ERROR;
				CLANG_WARN_DOCUMENTATION_COMMENTS = YES;
				CLANG_WARN_EMPTY_BODY = YES;
				CLANG_WARN_ENUM_CONVERSION = YES;
				CLANG_WARN_INFINITE_RECURSION = YES;
				CLANG_WARN_INT_CONVERSION = YES;
				CLANG_WARN_NON_LITERAL_NULL_CONVERSION = YES;
				CLANG_WARN_OBJC_IMPLICIT_RETAIN_SELF = YES;
				CLANG_WARN_OBJC_LITERAL_CONVERSION = YES;
				CLANG_WARN_OBJC_ROOT_CLASS = YES_ERROR;
				CLANG_WARN_QUOTED_INCLUDE_IN_FRAMEWORK_HEADER = YES;
				CLANG_WARN_RANGE_LOOP_ANALYSIS = YES;
				CLANG_WARN_STRICT_PROTOTYPES = YES;
				CLANG_WARN_SUSPICIOUS_MOVE = YES;
				CLANG_WARN_UNGUARDED_AVAILABILITY = YES_AGGRESSIVE;
				CLANG_WARN_UNREACHABLE_CODE = YES;
				CLANG_WARN__DUPLICATE_METHOD_MATCH = YES;
				COPY_PHASE_STRIP = NO;
				DEBUG_INFORMATION_FORMAT = "dwarf-with-dsym";
				DEVELOPMENT_TEAM = 8HRCKR6829;
				ENABLE_NS_ASSERTIONS = NO;
				ENABLE_STRICT_OBJC_MSGSEND = YES;
				ENABLE_USER_SCRIPT_SANDBOXING = YES;
				GCC_C_LANGUAGE_STANDARD = gnu17;
				GCC_NO_COMMON_BLOCKS = YES;
				GCC_WARN_64_TO_32_BIT_CONVERSION = YES;
				GCC_WARN_ABOUT_RETURN_TYPE = YES_ERROR;
				GCC_WARN_UNDECLARED_SELECTOR = YES;
				GCC_WARN_UNINITIALIZED_AUTOS = YES_AGGRESSIVE;
				GCC_WARN_UNUSED_FUNCTION = YES;
				GCC_WARN_UNUSED_VARIABLE = YES;
				IPHONEOS_DEPLOYMENT_TARGET = 27.0;
				LOCALIZATION_PREFERS_STRING_CATALOGS = YES;
				MTL_ENABLE_DEBUG_INFO = NO;
				MTL_FAST_MATH = YES;
				SDKROOT = iphoneos;
				SWIFT_COMPILATION_MODE = wholemodule;
				VALIDATE_PRODUCT = YES;
			};
			name = Release;
		};
		217E1803306C253E00A438E0 /* Debug configuration for PBXNativeTarget "HabitTrace" */ = {
			isa = XCBuildConfiguration;
			buildSettings = {
				ASSETCATALOG_COMPILER_APPICON_NAME = AppIcon;
				ASSETCATALOG_COMPILER_GLOBAL_ACCENT_COLOR_NAME = AccentColor;
				CODE_SIGN_STYLE = Automatic;
				CURRENT_PROJECT_VERSION = 1;
				DEVELOPMENT_TEAM = 8HRCKR6829;
				ENABLE_PREVIEWS = YES;
				GENERATE_INFOPLIST_FILE = YES;
				INFOPLIST_KEY_UIApplicationSceneManifest_Generation = YES;
				INFOPLIST_KEY_UIApplicationSupportsIndirectInputEvents = YES;
				INFOPLIST_KEY_UILaunchScreen_Generation = YES;
				INFOPLIST_KEY_UISupportedInterfaceOrientations_iPad = "UIInterfaceOrientationPortrait UIInterfaceOrientationPortraitUpsideDown UIInterfaceOrientationLandscapeLeft UIInterfaceOrientationLandscapeRight";
				INFOPLIST_KEY_UISupportedInterfaceOrientations_iPhone = "UIInterfaceOrientationPortrait UIInterfaceOrientationLandscapeLeft UIInterfaceOrientationLandscapeRight";
				LD_RUNPATH_SEARCH_PATHS = (
					"$(inherited)",
					"@executable_path/Frameworks",
				);
				MARKETING_VERSION = 1.0;
				PRODUCT_BUNDLE_IDENTIFIER = edu.utah.habittrace.HabitTrace;
				PRODUCT_NAME = "$(TARGET_NAME)";
				STRING_CATALOG_GENERATE_SYMBOLS = YES;
				SWIFT_APPROACHABLE_CONCURRENCY = YES;
				SWIFT_DEFAULT_ACTOR_ISOLATION = MainActor;
				SWIFT_EMIT_LOC_STRINGS = YES;
				SWIFT_UPCOMING_FEATURE_MEMBER_IMPORT_VISIBILITY = YES;
				SWIFT_VERSION = 5.0;
				TARGETED_DEVICE_FAMILY = "1,2";
			};
			name = Debug;
		};
		217E1804306C253E00A438E0 /* Release configuration for PBXNativeTarget "HabitTrace" */ = {
			isa = XCBuildConfiguration;
			buildSettings = {
				ASSETCATALOG_COMPILER_APPICON_NAME = AppIcon;
				ASSETCATALOG_COMPILER_GLOBAL_ACCENT_COLOR_NAME = AccentColor;
				CODE_SIGN_STYLE = Automatic;
				CURRENT_PROJECT_VERSION = 1;
				DEVELOPMENT_TEAM = 8HRCKR6829;
				ENABLE_PREVIEWS = YES;
				GENERATE_INFOPLIST_FILE = YES;
				INFOPLIST_KEY_UIApplicationSceneManifest_Generation = YES;
				INFOPLIST_KEY_UIApplicationSupportsIndirectInputEvents = YES;
				INFOPLIST_KEY_UILaunchScreen_Generation = YES;
				INFOPLIST_KEY_UISupportedInterfaceOrientations_iPad = "UIInterfaceOrientationPortrait UIInterfaceOrientationPortraitUpsideDown UIInterfaceOrientationLandscapeLeft UIInterfaceOrientationLandscapeRight";
				INFOPLIST_KEY_UISupportedInterfaceOrientations_iPhone = "UIInterfaceOrientationPortrait UIInterfaceOrientationLandscapeLeft UIInterfaceOrientationLandscapeRight";
				LD_RUNPATH_SEARCH_PATHS = (
					"$(inherited)",
					"@executable_path/Frameworks",
				);
				MARKETING_VERSION = 1.0;
				PRODUCT_BUNDLE_IDENTIFIER = edu.utah.habittrace.HabitTrace;
				PRODUCT_NAME = "$(TARGET_NAME)";
				STRING_CATALOG_GENERATE_SYMBOLS = YES;
				SWIFT_APPROACHABLE_CONCURRENCY = YES;
				SWIFT_DEFAULT_ACTOR_ISOLATION = MainActor;
				SWIFT_EMIT_LOC_STRINGS = YES;
				SWIFT_UPCOMING_FEATURE_MEMBER_IMPORT_VISIBILITY = YES;
				SWIFT_VERSION = 5.0;
				TARGETED_DEVICE_FAMILY = "1,2";
			};
			name = Release;
		};
		217E1806306C253E00A438E0 /* Debug configuration for PBXNativeTarget "HabitTraceTests" */ = {
			isa = XCBuildConfiguration;
			buildSettings = {
				BUNDLE_LOADER = "$(TEST_HOST)";
				CODE_SIGN_STYLE = Automatic;
				CURRENT_PROJECT_VERSION = 1;
				DEVELOPMENT_TEAM = 8HRCKR6829;
				GENERATE_INFOPLIST_FILE = YES;
				IPHONEOS_DEPLOYMENT_TARGET = 27.0;
				MARKETING_VERSION = 1.0;
				PRODUCT_BUNDLE_IDENTIFIER = edu.utah.habittrace.HabitTraceTests;
				PRODUCT_NAME = "$(TARGET_NAME)";
				STRING_CATALOG_GENERATE_SYMBOLS = NO;
				SWIFT_APPROACHABLE_CONCURRENCY = YES;
				SWIFT_EMIT_LOC_STRINGS = NO;
				SWIFT_UPCOMING_FEATURE_MEMBER_IMPORT_VISIBILITY = YES;
				SWIFT_VERSION = 5.0;
				TARGETED_DEVICE_FAMILY = "1,2";
				TEST_HOST = "$(BUILT_PRODUCTS_DIR)/HabitTrace.app/$(BUNDLE_EXECUTABLE_FOLDER_PATH)/HabitTrace";
			};
			name = Debug;
		};
		217E1807306C253E00A438E0 /* Release configuration for PBXNativeTarget "HabitTraceTests" */ = {
			isa = XCBuildConfiguration;
			buildSettings = {
				BUNDLE_LOADER = "$(TEST_HOST)";
				CODE_SIGN_STYLE = Automatic;
				CURRENT_PROJECT_VERSION = 1;
				DEVELOPMENT_TEAM = 8HRCKR6829;
				GENERATE_INFOPLIST_FILE = YES;
				IPHONEOS_DEPLOYMENT_TARGET = 27.0;
				MARKETING_VERSION = 1.0;
				PRODUCT_BUNDLE_IDENTIFIER = edu.utah.habittrace.HabitTraceTests;
				PRODUCT_NAME = "$(TARGET_NAME)";
				STRING_CATALOG_GENERATE_SYMBOLS = NO;
				SWIFT_APPROACHABLE_CONCURRENCY = YES;
				SWIFT_EMIT_LOC_STRINGS = NO;
				SWIFT_UPCOMING_FEATURE_MEMBER_IMPORT_VISIBILITY = YES;
				SWIFT_VERSION = 5.0;
				TARGETED_DEVICE_FAMILY = "1,2";
				TEST_HOST = "$(BUILT_PRODUCTS_DIR)/HabitTrace.app/$(BUNDLE_EXECUTABLE_FOLDER_PATH)/HabitTrace";
			};
			name = Release;
		};
		217E1809306C253E00A438E0 /* Debug configuration for PBXNativeTarget "HabitTraceUITests" */ = {
			isa = XCBuildConfiguration;
			buildSettings = {
				CODE_SIGN_STYLE = Automatic;
				CURRENT_PROJECT_VERSION = 1;
				DEVELOPMENT_TEAM = 8HRCKR6829;
				GENERATE_INFOPLIST_FILE = YES;
				MARKETING_VERSION = 1.0;
				PRODUCT_BUNDLE_IDENTIFIER = edu.utah.habittrace.HabitTraceUITests;
				PRODUCT_NAME = "$(TARGET_NAME)";
				STRING_CATALOG_GENERATE_SYMBOLS = NO;
				SWIFT_APPROACHABLE_CONCURRENCY = YES;
				SWIFT_EMIT_LOC_STRINGS = NO;
				SWIFT_UPCOMING_FEATURE_MEMBER_IMPORT_VISIBILITY = YES;
				SWIFT_VERSION = 5.0;
				TARGETED_DEVICE_FAMILY = "1,2";
				TEST_TARGET_NAME = HabitTrace;
			};
			name = Debug;
		};
		217E180A306C253E00A438E0 /* Release configuration for PBXNativeTarget "HabitTraceUITests" */ = {
			isa = XCBuildConfiguration;
			buildSettings = {
				CODE_SIGN_STYLE = Automatic;
				CURRENT_PROJECT_VERSION = 1;
				DEVELOPMENT_TEAM = 8HRCKR6829;
				GENERATE_INFOPLIST_FILE = YES;
				MARKETING_VERSION = 1.0;
				PRODUCT_BUNDLE_IDENTIFIER = edu.utah.habittrace.HabitTraceUITests;
				PRODUCT_NAME = "$(TARGET_NAME)";
				STRING_CATALOG_GENERATE_SYMBOLS = NO;
				SWIFT_APPROACHABLE_CONCURRENCY = YES;
				SWIFT_EMIT_LOC_STRINGS = NO;
				SWIFT_UPCOMING_FEATURE_MEMBER_IMPORT_VISIBILITY = YES;
				SWIFT_VERSION = 5.0;
				TARGETED_DEVICE_FAMILY = "1,2";
				TEST_TARGET_NAME = HabitTrace;
			};
			name = Release;
		};
/* End XCBuildConfiguration section */

/* Begin XCConfigurationList section */
		217E17DE306C253B00A438E0 /* Build configuration list for PBXProject "HabitTrace" */ = {
			isa = XCConfigurationList;
			buildConfigurations = (
				217E1800306C253E00A438E0 /* Debug configuration for PBXProject "HabitTrace" */,
				217E1801306C253E00A438E0 /* Release configuration for PBXProject "HabitTrace" */,
			);
			defaultConfigurationName = Release;
		};
		217E1802306C253E00A438E0 /* Build configuration list for PBXNativeTarget "HabitTrace" */ = {
			isa = XCConfigurationList;
			buildConfigurations = (
				217E1803306C253E00A438E0 /* Debug configuration for PBXNativeTarget "HabitTrace" */,
				217E1804306C253E00A438E0 /* Release configuration for PBXNativeTarget "HabitTrace" */,
			);
			defaultConfigurationName = Release;
		};
		217E1805306C253E00A438E0 /* Build configuration list for PBXNativeTarget "HabitTraceTests" */ = {
			isa = XCConfigurationList;
			buildConfigurations = (
				217E1806306C253E00A438E0 /* Debug configuration for PBXNativeTarget "HabitTraceTests" */,
				217E1807306C253E00A438E0 /* Release configuration for PBXNativeTarget "HabitTraceTests" */,
			);
			defaultConfigurationName = Release;
		};
		217E1808306C253E00A438E0 /* Build configuration list for PBXNativeTarget "HabitTraceUITests" */ = {
			isa = XCConfigurationList;
			buildConfigurations = (
				217E1809306C253E00A438E0 /* Debug configuration for PBXNativeTarget "HabitTraceUITests" */,
				217E180A306C253E00A438E0 /* Release configuration for PBXNativeTarget "HabitTraceUITests" */,
			);
			defaultConfigurationName = Release;
		};
/* End XCConfigurationList section */
	};
	rootObject = 217E17DB306C253B00A438E0 /* Project object */;
	validationLevel = 1;
}
